
Microsoft Visual Studio Solution File, Format Version 12.00
# Visual Studio Version 17
VisualStudioVersion = 17.9.34714.143
MinimumVisualStudioVersion = 10.0.40219.1
Project("{FAE04EC0-301F-11D3-BF4B-00C04F79EFBC}") = "DocumenteModelTestPAW", "DocumenteModelTestPAW\DocumenteModelTestPAW.csproj", "{9B9192A9-1710-4147-834E-B6C6B8759B75}"
EndProject
Global
	GlobalSection(SolutionConfigurationPlatforms) = preSolution
		Debug|Any CPU = Debug|Any CPU
		Release|Any CPU = Release|Any CPU
	EndGlobalSection
	GlobalSection(ProjectConfigurationPlatforms) = postSolution
		{9B9192A9-1710-4147-834E-B6C6B8759B75}.Debug|Any CPU.ActiveCfg = Debug|Any CPU
		{9B9192A9-1710-4147-834E-B6C6B8759B75}.Debug|Any CPU.Build.0 = Debug|Any CPU
		{9B9192A9-1710-4147-834E-B6C6B8759B75}.Release|Any CPU.ActiveCfg = Release|Any CPU
		{9B9192A9-1710-4147-834E-B6C6B8759B75}.Release|Any CPU.Build.0 = Release|Any CPU
	EndGlobalSection
	GlobalSection(SolutionProperties) = preSolution
		HideSolutionNode = FALSE
	EndGlobalSection
	GlobalSection(ExtensibilityGlobals) = postSolution
		SolutionGuid = {427B3329-74DE-42C5-A0AB-FB959648058E}
	EndGlobalSection
EndGlobal
